
Microsoft Visual Studio Solution File, Format Version 12.00
# Visual Studio Version 17
VisualStudioVersion = 17.4.33213.308
MinimumVisualStudioVersion = 10.0.40219.1
Project("{FAE04EC0-301F-11D3-BF4B-00C04F79EFBC}") = "Week15OOPAndFiles", "Week15OOPAndFiles\Week15OOPAndFiles.csproj", "{C186E71A-C1EF-46AC-98B2-9AF27023BA4D}"
EndProject
Global
	GlobalSection(SolutionConfigurationPlatforms) = preSolution
		Debug|Any CPU = Debug|Any CPU
		Release|Any CPU = Release|Any CPU
	EndGlobalSection
	GlobalSection(ProjectConfigurationPlatforms) = postSolution
		{C186E71A-C1EF-46AC-98B2-9AF27023BA4D}.Debug|Any CPU.ActiveCfg = Debug|Any CPU
		{C186E71A-C1EF-46AC-98B2-9AF27023BA4D}.Debug|Any CPU.Build.0 = Debug|Any CPU
		{C186E71A-C1EF-46AC-98B2-9AF27023BA4D}.Release|Any CPU.ActiveCfg = Release|Any CPU
		{C186E71A-C1EF-46AC-98B2-9AF27023BA4D}.Release|Any CPU.Build.0 = Release|Any CPU
	EndGlobalSection
	GlobalSection(SolutionProperties) = preSolution
		HideSolutionNode = FALSE
	EndGlobalSection
	GlobalSection(ExtensibilityGlobals) = postSolution
		SolutionGuid = {2D8BB310-6E79-46AC-9DCF-DBF818F4D55D}
	EndGlobalSection
EndGlobal
